Microsoft Visual Studio Solution File, Format Version 12.00
# Visual Studio 2012
Project("{FAE04EC0-301F-11D3-BF4B-00C04F79EFBC}") = "Godot-game", "Godot-game.csproj", "{66C21C7B-EA5D-4E79-B193-6569DD57233F}"
EndProject
Global
	GlobalSection(SolutionConfigurationPlatforms) = preSolution
	Debug|Any CPU = Debug|Any CPU
	ExportDebug|Any CPU = ExportDebug|Any CPU
	ExportRelease|Any CPU = ExportRelease|Any CPU
	EndGlobalSection
	GlobalSection(ProjectConfigurationPlatforms) = postSolution
		{66C21C7B-EA5D-4E79-B193-6569DD57233F}.Debug|Any CPU.ActiveCfg = Debug|Any CPU
		{66C21C7B-EA5D-4E79-B193-6569DD57233F}.Debug|Any CPU.Build.0 = Debug|Any CPU
		{66C21C7B-EA5D-4E79-B193-6569DD57233F}.ExportDebug|Any CPU.ActiveCfg = ExportDebug|Any CPU
		{66C21C7B-EA5D-4E79-B193-6569DD57233F}.ExportDebug|Any CPU.Build.0 = ExportDebug|Any CPU
		{66C21C7B-EA5D-4E79-B193-6569DD57233F}.ExportRelease|Any CPU.ActiveCfg = ExportRelease|Any CPU
		{66C21C7B-EA5D-4E79-B193-6569DD57233F}.ExportRelease|Any CPU.Build.0 = ExportRelease|Any CPU
	EndGlobalSection
EndGlobal
